
Microsoft Visual Studio Solution File, Format Version 12.00
# Visual Studio Version 17
VisualStudioVersion = 17.8.34330.188
MinimumVisualStudioVersion = 10.0.40219.1
Project("{FAE04EC0-301F-11D3-BF4B-00C04F79EFBC}") = "Vazquez_CustomerApp.Server", "Vazquez_CustomerApp.Server\Vazquez_CustomerApp.Server.csproj", "{9925FDF1-9174-4B29-9A57-2FC9B4152B1C}"
EndProject
Project("{54A90642-561A-4BB1-A94E-469ADEE60C69}") = "vazquez_customerapp.client", "vazquez_customerapp.client\vazquez_customerapp.client.esproj", "{C7B210A9-8048-4CC9-BD51-4BAE22A5E620}"
EndProject
Global
	GlobalSection(SolutionConfigurationPlatforms) = preSolution
		Debug|Any CPU = Debug|Any CPU
		Release|Any CPU = Release|Any CPU
	EndGlobalSection
	GlobalSection(ProjectConfigurationPlatforms) = postSolution
		{9925FDF1-9174-4B29-9A57-2FC9B4152B1C}.Debug|Any CPU.ActiveCfg = Debug|Any CPU
		{9925FDF1-9174-4B29-9A57-2FC9B4152B1C}.Debug|Any CPU.Build.0 = Debug|Any CPU
		{9925FDF1-9174-4B29-9A57-2FC9B4152B1C}.Release|Any CPU.ActiveCfg = Release|Any CPU
		{9925FDF1-9174-4B29-9A57-2FC9B4152B1C}.Release|Any CPU.Build.0 = Release|Any CPU
		{C7B210A9-8048-4CC9-BD51-4BAE22A5E620}.Debug|Any CPU.ActiveCfg = Debug|Any CPU
		{C7B210A9-8048-4CC9-BD51-4BAE22A5E620}.Debug|Any CPU.Build.0 = Debug|Any CPU
		{C7B210A9-8048-4CC9-BD51-4BAE22A5E620}.Debug|Any CPU.Deploy.0 = Debug|Any CPU
		{C7B210A9-8048-4CC9-BD51-4BAE22A5E620}.Release|Any CPU.ActiveCfg = Release|Any CPU
		{C7B210A9-8048-4CC9-BD51-4BAE22A5E620}.Release|Any CPU.Build.0 = Release|Any CPU
		{C7B210A9-8048-4CC9-BD51-4BAE22A5E620}.Release|Any CPU.Deploy.0 = Release|Any CPU
	EndGlobalSection
	GlobalSection(SolutionProperties) = preSolution
		HideSolutionNode = FALSE
	EndGlobalSection
	GlobalSection(ExtensibilityGlobals) = postSolution
		SolutionGuid = {D7534573-9734-45F9-8798-E26FD8EFAD54}
	EndGlobalSection
EndGlobal
